{
  "version": 4,
  "terraform_version": "1.12.2",
  "serial": 19,
  "lineage": "939b2419-b663-a8da-09e9-81b10c384bbd",
  "outputs": {
    "ip": {
      "value": [
        "165.22.0.229",
        "161.35.57.238"
      ],
      "type": [
        "tuple",
        [
          "string",
          "string"
        ]
      ]
    }
  },
  "resources": [
    {
      "mode": "managed",
      "type": "digitalocean_droplet",
      "name": "web",
      "provider": "provider[\"registry.terraform.io/digitalocean/digitalocean\"]",
      "instances": [
        {
          "index_key": 0,
          "schema_version": 1,
          "attributes": {
            "backup_policy": [],
            "backups": false,
            "created_at": "2025-07-26T17:09:44Z",
            "disk": 25,
            "droplet_agent": null,
            "graceful_shutdown": false,
            "id": "510127319",
            "image": "ubuntu-20-04-x64",
            "ipv4_address": "165.22.0.229",
            "ipv4_address_private": "10.116.0.4",
            "ipv6": false,
            "ipv6_address": "",
            "locked": false,
            "memory": 1024,
            "monitoring": false,
            "name": "vms-lab-0",
            "price_hourly": 0.00893,
            "price_monthly": 6,
            "private_networking": true,
            "region": "nyc1",
            "resize_disk": true,
            "size": "s-1vcpu-1gb",
            "ssh_keys": [
              "b3:33:ea:87:b5:c0:6b:d2:9a:f9:11:4f:16:2d:0a:f6"
            ],
            "status": "active",
            "tags": [],
            "timeouts": null,
            "urn": "do:droplet:510127319",
            "user_data": null,
            "vcpus": 1,
            "volume_ids": [],
            "vpc_uuid": "be5517c7-9ef4-460b-aa4d-7d26427849ec"
          },
          "sensitive_attributes": [],
          "identity_schema_version": 0,
          "private": "eyJlMmJmYjczMC1lY2FhLTExZTYtOGY4OC0zNDM2M2JjN2M0YzAiOnsiY3JlYXRlIjozNjAwMDAwMDAwMDAwLCJkZWxldGUiOjYwMDAwMDAwMDAwLCJ1cGRhdGUiOjM2MDAwMDAwMDAwMDB9LCJzY2hlbWFfdmVyc2lvbiI6IjEifQ==",
          "dependencies": [
            "digitalocean_ssh_key.ssh-key"
          ]
        },
        {
          "index_key": 1,
          "schema_version": 1,
          "attributes": {
            "backup_policy": [],
            "backups": false,
            "created_at": "2025-07-26T17:20:45Z",
            "disk": 25,
            "droplet_agent": null,
            "graceful_shutdown": false,
            "id": "510128470",
            "image": "ubuntu-20-04-x64",
            "ipv4_address": "161.35.57.238",
            "ipv4_address_private": "10.116.0.3",
            "ipv6": false,
            "ipv6_address": "",
            "locked": false,
            "memory": 1024,
            "monitoring": false,
            "name": "vms-lab-1",
            "price_hourly": 0.00893,
            "price_monthly": 6,
            "private_networking": true,
            "region": "nyc1",
            "resize_disk": true,
            "size": "s-1vcpu-1gb",
            "ssh_keys": [
              "b3:33:ea:87:b5:c0:6b:d2:9a:f9:11:4f:16:2d:0a:f6"
            ],
            "status": "active",
            "tags": null,
            "timeouts": null,
            "urn": "do:droplet:510128470",
            "user_data": null,
            "vcpus": 1,
            "volume_ids": [],
            "vpc_uuid": "be5517c7-9ef4-460b-aa4d-7d26427849ec"
          },
          "sensitive_attributes": [],
          "identity_schema_version": 0,
          "private": "eyJlMmJmYjczMC1lY2FhLTExZTYtOGY4OC0zNDM2M2JjN2M0YzAiOnsiY3JlYXRlIjozNjAwMDAwMDAwMDAwLCJkZWxldGUiOjYwMDAwMDAwMDAwLCJ1cGRhdGUiOjM2MDAwMDAwMDAwMDB9LCJzY2hlbWFfdmVyc2lvbiI6IjEifQ==",
          "dependencies": [
            "digitalocean_ssh_key.ssh-key"
          ]
        }
      ]
    },
    {
      "mode": "managed",
      "type": "digitalocean_ssh_key",
      "name": "ssh-key",
      "provider": "provider[\"registry.terraform.io/digitalocean/digitalocean\"]",
      "instances": [
        {
          "schema_version": 0,
          "attributes": {
            "fingerprint": "b3:33:ea:87:b5:c0:6b:d2:9a:f9:11:4f:16:2d:0a:f6",
            "id": "49525789",
            "name": "terraform-exec",
            "public_key": "ssh-rsa AAAAB3NzaC1yc2EAAAADAQABAAABAQDaWgzDRctjWjGv5K6PINR6PHm5dfZbhqh/qc05uL3uLu5A59IYbcK+f4+iFel1nIJ5Ex/Q4BRqOsSq3kYhPgu4RUs9txg1YR95TqyHDPEl/3aZs4meoiHy5KiP420CjQAQ+iREIyjGwGQqDVDQvRJNsUw0PsEO5Z647RdZCZf/SpUtG05mJLgRTLz15NBO8Mn755wHWsGIN6hnkJjOMYYtpX8K2ZKVemSgne1C1pgX5y5wnIFnwCUMrndKc9Suw4X7rr6ofUzB7YKAhwgZGyUjwlO4EepHNW78bD1Tzo6sdtXfg5SfHf1oWbmAj4t6SwxlZaTwiAeVAD0CuQ9QZADv vanderson@NLatitude-5480\n",
            "timeouts": null
          },
          "sensitive_attributes": [],
          "identity_schema_version": 0,
          "private": "eyJlMmJmYjczMC1lY2FhLTExZTYtOGY4OC0zNDM2M2JjN2M0YzAiOnsiY3JlYXRlIjoxMjAwMDAwMDAwMDB9fQ=="
        }
      ]
    }
  ],
  "check_results": null
}
