{
  "version": 4,
  "terraform_version": "1.12.2",
  "serial": 53,
  "lineage": "31ca5f4e-9e15-1ca5-f42e-0682c413400b",
  "outputs": {},
  "resources": [
    {
      "mode": "data",
      "type": "digitalocean_ssh_key",
      "name": "ssh_key",
      "provider": "provider[\"registry.terraform.io/digitalocean/digitalocean\"]",
      "instances": [
        {
          "schema_version": 0,
          "attributes": {
            "fingerprint": "b3:33:ea:87:b5:c0:6b:d2:9a:f9:11:4f:16:2d:0a:f6",
            "id": 49512625,
            "name": "terraform-exec",
            "public_key": "ssh-rsa AAAAB3NzaC1yc2EAAAADAQABAAABAQDaWgzDRctjWjGv5K6PINR6PHm5dfZbhqh/qc05uL3uLu5A59IYbcK+f4+iFel1nIJ5Ex/Q4BRqOsSq3kYhPgu4RUs9txg1YR95TqyHDPEl/3aZs4meoiHy5KiP420CjQAQ+iREIyjGwGQqDVDQvRJNsUw0PsEO5Z647RdZCZf/SpUtG05mJLgRTLz15NBO8Mn755wHWsGIN6hnkJjOMYYtpX8K2ZKVemSgne1C1pgX5y5wnIFnwCUMrndKc9Suw4X7rr6ofUzB7YKAhwgZGyUjwlO4EepHNW78bD1Tzo6sdtXfg5SfHf1oWbmAj4t6SwxlZaTwiAeVAD0CuQ9QZADv vanderson@NLatitude-5480"
          },
          "sensitive_attributes": [],
          "identity_schema_version": 0
        }
      ]
    },
    {
      "mode": "managed",
      "type": "digitalocean_droplet",
      "name": "vm_aula",
      "provider": "provider[\"registry.terraform.io/digitalocean/digitalocean\"]",
      "instances": [
        {
          "status": "tainted",
          "schema_version": 1,
          "attributes": {
            "backup_policy": [],
            "backups": false,
            "created_at": "2025-07-26T14:43:21Z",
            "disk": 25,
            "droplet_agent": null,
            "graceful_shutdown": false,
            "id": "510113821",
            "image": "ubuntu-22-04-x64",
            "ipv4_address": "162.243.170.233",
            "ipv4_address_private": "10.116.0.4",
            "ipv6": false,
            "ipv6_address": "",
            "locked": false,
            "memory": 1024,
            "monitoring": false,
            "name": "maquina-aula",
            "price_hourly": 0.00893,
            "price_monthly": 6,
            "private_networking": true,
            "region": "nyc1",
            "resize_disk": true,
            "size": "s-1vcpu-1gb",
            "ssh_keys": [
              "49512625"
            ],
            "status": "active",
            "tags": null,
            "timeouts": null,
            "urn": "do:droplet:510113821",
            "user_data": null,
            "vcpus": 1,
            "volume_ids": [],
            "vpc_uuid": "be5517c7-9ef4-460b-aa4d-7d26427849ec"
          },
          "sensitive_attributes": [],
          "identity_schema_version": 0,
          "private": "eyJlMmJmYjczMC1lY2FhLTExZTYtOGY4OC0zNDM2M2JjN2M0YzAiOnsiY3JlYXRlIjozNjAwMDAwMDAwMDAwLCJkZWxldGUiOjYwMDAwMDAwMDAwLCJ1cGRhdGUiOjM2MDAwMDAwMDAwMDB9LCJzY2hlbWFfdmVyc2lvbiI6IjEifQ==",
          "dependencies": [
            "data.digitalocean_ssh_key.ssh_key"
          ]
        }
      ]
    }
  ],
  "check_results": null
}
