{
  "version": 4,
  "terraform_version": "1.12.2",
  "serial": 45,
  "lineage": "6f9c6e1e-4583-805a-c99b-0dc040cd5ce0",
  "outputs": {
    "droplet_ip": {
      "value": [
        "167.99.11.101",
        "159.65.222.235",
        "64.227.29.133"
      ],
      "type": [
        "tuple",
        [
          "string",
          "string",
          "string"
        ]
      ]
    }
  },
  "resources": [
    {
      "mode": "data",
      "type": "digitalocean_ssh_key",
      "name": "ssh-key",
      "provider": "provider[\"registry.terraform.io/digitalocean/digitalocean\"]",
      "instances": [
        {
          "schema_version": 0,
          "attributes": {
            "fingerprint": "25:40:ef:e9:7a:57:42:dc:f6:eb:29:3b:f5:78:27:06",
            "id": 49491701,
            "name": "aula-terraform",
            "public_key": "ssh-rsa AAAAB3NzaC1yc2EAAAADAQABAAABAQCmVX9ICz3P4T7kHn7p6Aq7f7LUfRWiXgvdjVaUtnB6BNu90NYd9HeuQ2Qciw6raStkIzmH1SLC6SiTbjLBwgij9fhaAFGkeHDB90uq4VXGS64fmbVlqfU616bgvQm2XWqd+PdxKQa2cQkl9DxxxpiLyK7hd4FlZFkyG3mUf3PhIkXRg0MeEKMuoK9Y2VvKVFy/xmf27uO77dvf7nj4pgP/xOT2pi4Ow2o8ag/xnWdLKeWpPjB22Qi+i6Y0xuFH1YAzMPIlVfI+Ie7VwJisZe2cUjvR+o5Jk3torwh1cpRtcEO0ztNccv5WyNNH/oKO2b56OjNu+1mXV1XlOeupQyRX vanderson@NLatitude-5480"
          },
          "sensitive_attributes": [],
          "identity_schema_version": 0
        }
      ]
    },
    {
      "mode": "managed",
      "type": "digitalocean_droplet",
      "name": "vm-aula",
      "provider": "provider[\"registry.terraform.io/digitalocean/digitalocean\"]",
      "instances": [
        {
          "index_key": 0,
          "schema_version": 1,
          "attributes": {
            "backup_policy": [],
            "backups": true,
            "created_at": "2025-07-24T23:20:10Z",
            "disk": 50,
            "droplet_agent": null,
            "graceful_shutdown": false,
            "id": "509822631",
            "image": "ubuntu-22-04-x64",
            "ipv4_address": "167.99.11.101",
            "ipv4_address_private": "10.116.0.2",
            "ipv6": false,
            "ipv6_address": "",
            "locked": false,
            "memory": 2048,
            "monitoring": false,
            "name": "vm-modulo-terraform-0",
            "price_hourly": 0.01786,
            "price_monthly": 12,
            "private_networking": true,
            "region": "nyc1",
            "resize_disk": true,
            "size": "s-1vcpu-2gb",
            "ssh_keys": [
              "49491701"
            ],
            "status": "active",
            "tags": [],
            "timeouts": null,
            "urn": "do:droplet:509822631",
            "user_data": null,
            "vcpus": 1,
            "volume_ids": [],
            "vpc_uuid": "be5517c7-9ef4-460b-aa4d-7d26427849ec"
          },
          "sensitive_attributes": [],
          "identity_schema_version": 0,
          "private": "eyJlMmJmYjczMC1lY2FhLTExZTYtOGY4OC0zNDM2M2JjN2M0YzAiOnsiY3JlYXRlIjozNjAwMDAwMDAwMDAwLCJkZWxldGUiOjYwMDAwMDAwMDAwLCJ1cGRhdGUiOjM2MDAwMDAwMDAwMDB9LCJzY2hlbWFfdmVyc2lvbiI6IjEifQ==",
          "dependencies": [
            "data.digitalocean_ssh_key.ssh-key"
          ]
        },
        {
          "index_key": 1,
          "schema_version": 1,
          "attributes": {
            "backup_policy": [],
            "backups": true,
            "created_at": "2025-07-24T23:22:56Z",
            "disk": 50,
            "droplet_agent": null,
            "graceful_shutdown": false,
            "id": "509822875",
            "image": "ubuntu-22-04-x64",
            "ipv4_address": "159.65.222.235",
            "ipv4_address_private": "10.116.0.4",
            "ipv6": false,
            "ipv6_address": "",
            "locked": false,
            "memory": 2048,
            "monitoring": false,
            "name": "vm-modulo-terraform-1",
            "price_hourly": 0.01786,
            "price_monthly": 12,
            "private_networking": true,
            "region": "nyc1",
            "resize_disk": true,
            "size": "s-1vcpu-2gb",
            "ssh_keys": [
              "49491701"
            ],
            "status": "active",
            "tags": null,
            "timeouts": null,
            "urn": "do:droplet:509822875",
            "user_data": null,
            "vcpus": 1,
            "volume_ids": [],
            "vpc_uuid": "be5517c7-9ef4-460b-aa4d-7d26427849ec"
          },
          "sensitive_attributes": [],
          "identity_schema_version": 0,
          "private": "eyJlMmJmYjczMC1lY2FhLTExZTYtOGY4OC0zNDM2M2JjN2M0YzAiOnsiY3JlYXRlIjozNjAwMDAwMDAwMDAwLCJkZWxldGUiOjYwMDAwMDAwMDAwLCJ1cGRhdGUiOjM2MDAwMDAwMDAwMDB9LCJzY2hlbWFfdmVyc2lvbiI6IjEifQ==",
          "dependencies": [
            "data.digitalocean_ssh_key.ssh-key"
          ]
        },
        {
          "index_key": 2,
          "schema_version": 1,
          "attributes": {
            "backup_policy": [],
            "backups": true,
            "created_at": "2025-07-24T23:22:56Z",
            "disk": 50,
            "droplet_agent": null,
            "graceful_shutdown": false,
            "id": "509822874",
            "image": "ubuntu-22-04-x64",
            "ipv4_address": "64.227.29.133",
            "ipv4_address_private": "10.116.0.3",
            "ipv6": false,
            "ipv6_address": "",
            "locked": false,
            "memory": 2048,
            "monitoring": false,
            "name": "vm-modulo-terraform-2",
            "price_hourly": 0.01786,
            "price_monthly": 12,
            "private_networking": true,
            "region": "nyc1",
            "resize_disk": true,
            "size": "s-1vcpu-2gb",
            "ssh_keys": [
              "49491701"
            ],
            "status": "active",
            "tags": null,
            "timeouts": null,
            "urn": "do:droplet:509822874",
            "user_data": null,
            "vcpus": 1,
            "volume_ids": [],
            "vpc_uuid": "be5517c7-9ef4-460b-aa4d-7d26427849ec"
          },
          "sensitive_attributes": [],
          "identity_schema_version": 0,
          "private": "eyJlMmJmYjczMC1lY2FhLTExZTYtOGY4OC0zNDM2M2JjN2M0YzAiOnsiY3JlYXRlIjozNjAwMDAwMDAwMDAwLCJkZWxldGUiOjYwMDAwMDAwMDAwLCJ1cGRhdGUiOjM2MDAwMDAwMDAwMDB9LCJzY2hlbWFfdmVyc2lvbiI6IjEifQ==",
          "dependencies": [
            "data.digitalocean_ssh_key.ssh-key"
          ]
        }
      ]
    },
    {
      "mode": "managed",
      "type": "digitalocean_firewall",
      "name": "fw-aula-terraform",
      "provider": "provider[\"registry.terraform.io/digitalocean/digitalocean\"]",
      "instances": [
        {
          "schema_version": 0,
          "attributes": {
            "created_at": "2025-07-24T23:02:53Z",
            "droplet_ids": [
              509822631,
              509822874,
              509822875
            ],
            "id": "316c821d-77c5-4336-98ed-9302eeb197df",
            "inbound_rule": [
              {
                "port_range": "",
                "protocol": "icmp",
                "source_addresses": [
                  "0.0.0.0/0",
                  "::/0"
                ],
                "source_droplet_ids": [],
                "source_kubernetes_ids": [],
                "source_load_balancer_uids": [],
                "source_tags": []
              },
              {
                "port_range": "22",
                "protocol": "tcp",
                "source_addresses": [
                  "0.0.0.0/0",
                  "::/0"
                ],
                "source_droplet_ids": [],
                "source_kubernetes_ids": [],
                "source_load_balancer_uids": [],
                "source_tags": []
              },
              {
                "port_range": "443",
                "protocol": "tcp",
                "source_addresses": [
                  "0.0.0.0/0",
                  "::/0"
                ],
                "source_droplet_ids": [],
                "source_kubernetes_ids": [],
                "source_load_balancer_uids": [],
                "source_tags": []
              },
              {
                "port_range": "53",
                "protocol": "tcp",
                "source_addresses": [
                  "0.0.0.0/0",
                  "::/0"
                ],
                "source_droplet_ids": [],
                "source_kubernetes_ids": [],
                "source_load_balancer_uids": [],
                "source_tags": []
              },
              {
                "port_range": "80",
                "protocol": "tcp",
                "source_addresses": [
                  "0.0.0.0/0",
                  "::/0"
                ],
                "source_droplet_ids": [],
                "source_kubernetes_ids": [],
                "source_load_balancer_uids": [],
                "source_tags": []
              }
            ],
            "name": "fw-aula-terraform",
            "outbound_rule": [
              {
                "destination_addresses": [
                  "0.0.0.0/0",
                  "::/0"
                ],
                "destination_droplet_ids": [],
                "destination_kubernetes_ids": [],
                "destination_load_balancer_uids": [],
                "destination_tags": [],
                "port_range": "",
                "protocol": "icmp"
              },
              {
                "destination_addresses": [
                  "0.0.0.0/0",
                  "::/0"
                ],
                "destination_droplet_ids": [],
                "destination_kubernetes_ids": [],
                "destination_load_balancer_uids": [],
                "destination_tags": [],
                "port_range": "53",
                "protocol": "tcp"
              },
              {
                "destination_addresses": [
                  "0.0.0.0/0",
                  "::/0"
                ],
                "destination_droplet_ids": [],
                "destination_kubernetes_ids": [],
                "destination_load_balancer_uids": [],
                "destination_tags": [],
                "port_range": "53",
                "protocol": "udp"
              }
            ],
            "pending_changes": [
              {
                "droplet_id": 509822631,
                "removing": false,
                "status": "waiting"
              },
              {
                "droplet_id": 509822874,
                "removing": false,
                "status": "waiting"
              },
              {
                "droplet_id": 509822875,
                "removing": false,
                "status": "waiting"
              }
            ],
            "status": "waiting",
            "tags": []
          },
          "sensitive_attributes": [],
          "identity_schema_version": 0,
          "private": "bnVsbA==",
          "dependencies": [
            "data.digitalocean_ssh_key.ssh-key",
            "digitalocean_droplet.vm-aula"
          ]
        }
      ]
    }
  ],
  "check_results": null
}
