{
  "version": 4,
  "terraform_version": "1.13.1",
  "serial": 1,
  "lineage": "accd89ff-f055-7d9a-a10d-be41d672780d",
  "outputs": {},
  "resources": [
    {
      "mode": "managed",
      "type": "local_file",
      "name": "arquivo_local",
      "provider": "provider[\"registry.terraform.io/hashicorp/local\"]",
      "instances": [
        {
          "schema_version": 0,
          "attributes": {
            "content": "Conteúdo",
            "content_base64": null,
            "content_base64sha256": "X8EZlkOTpmAPWpaH+/g+daY6LqdvpFHKvZhTSXBIpcM=",
            "content_base64sha512": "YtTil2teKuhQo9ZWw6/dCPC8r4FUGu0OOYc8ImZ++JTjIosPhrXrbLKN/uokVE/ry2XYqlzS0a9g4Y8JVMN2ww==",
            "content_md5": "e25f5ab3957dd0197120e5be89e46c55",
            "content_sha1": "bdc1d80b6c028d656937d590c40fecb2f2b5689c",
            "content_sha256": "5fc119964393a6600f5a9687fbf83e75a63a2ea76fa451cabd9853497048a5c3",
            "content_sha512": "62d4e2976b5e2ae850a3d656c3afdd08f0bcaf81541aed0e39873c22667ef894e3228b0f86b5eb6cb28dfeea24544febcb65d8aa5cd2d1af60e18f0954c376c3",
            "directory_permission": "0777",
            "file_permission": "0777",
            "filename": "arquivo.txt",
            "id": "bdc1d80b6c028d656937d590c40fecb2f2b5689c",
            "sensitive_content": null,
            "source": null
          },
          "sensitive_attributes": [
            [
              {
                "type": "get_attr",
                "value": "sensitive_content"
              }
            ]
          ],
          "identity_schema_version": 0
        }
      ]
    }
  ],
  "check_results": null
}
